
Microsoft Visual Studio Solution File, Format Version 12.00
# Visual Studio Version 17
VisualStudioVersion = 17.13.35931.197
MinimumVisualStudioVersion = 10.0.40219.1
Project("{FAE04EC0-301F-11D3-BF4B-00C04F79EFBC}") = "Senac.GerenciamentoJogo.API", "Senac.GerenciamentoJogo.API.csproj", "{3C566163-5A49-43DD-84D6-9830A204B29B}"
EndProject
Project("{FAE04EC0-301F-11D3-BF4B-00C04F79EFBC}") = "Senac.GerenciamentoJogo.Domain", "..\Senac.GerenciamentoJogo.Domain\Senac.GerenciamentoJogo.Domain.csproj", "{E534EDF3-31BB-49C5-AEB8-3298A5DC3A04}"
EndProject
Project("{FAE04EC0-301F-11D3-BF4B-00C04F79EFBC}") = "Senac.GerenciamentoJogo.Infra.Data", "..\Senac.GerenciamentoJogo.Infra.Data\Senac.GerenciamentoJogo.Infra.Data.csproj", "{E67D10B3-31FD-4B93-B706-E39CB1595800}"
EndProject
Global
	GlobalSection(SolutionConfigurationPlatforms) = preSolution
		Debug|Any CPU = Debug|Any CPU
		Release|Any CPU = Release|Any CPU
	EndGlobalSection
	GlobalSection(ProjectConfigurationPlatforms) = postSolution
		{3C566163-5A49-43DD-84D6-9830A204B29B}.Debug|Any CPU.ActiveCfg = Debug|Any CPU
		{3C566163-5A49-43DD-84D6-9830A204B29B}.Debug|Any CPU.Build.0 = Debug|Any CPU
		{3C566163-5A49-43DD-84D6-9830A204B29B}.Release|Any CPU.ActiveCfg = Release|Any CPU
		{3C566163-5A49-43DD-84D6-9830A204B29B}.Release|Any CPU.Build.0 = Release|Any CPU
		{E534EDF3-31BB-49C5-AEB8-3298A5DC3A04}.Debug|Any CPU.ActiveCfg = Debug|Any CPU
		{E534EDF3-31BB-49C5-AEB8-3298A5DC3A04}.Debug|Any CPU.Build.0 = Debug|Any CPU
		{E534EDF3-31BB-49C5-AEB8-3298A5DC3A04}.Release|Any CPU.ActiveCfg = Release|Any CPU
		{E534EDF3-31BB-49C5-AEB8-3298A5DC3A04}.Release|Any CPU.Build.0 = Release|Any CPU
		{E67D10B3-31FD-4B93-B706-E39CB1595800}.Debug|Any CPU.ActiveCfg = Debug|Any CPU
		{E67D10B3-31FD-4B93-B706-E39CB1595800}.Debug|Any CPU.Build.0 = Debug|Any CPU
		{E67D10B3-31FD-4B93-B706-E39CB1595800}.Release|Any CPU.ActiveCfg = Release|Any CPU
		{E67D10B3-31FD-4B93-B706-E39CB1595800}.Release|Any CPU.Build.0 = Release|Any CPU
	EndGlobalSection
	GlobalSection(SolutionProperties) = preSolution
		HideSolutionNode = FALSE
	EndGlobalSection
	GlobalSection(ExtensibilityGlobals) = postSolution
		SolutionGuid = {94773B1E-C130-4757-8D39-7CF8452C6CC5}
	EndGlobalSection
EndGlobal
